{
  "name": "n_shell",
  "version": "0.6.0",
  "lockfileVersion": 1,
  "requires": true,
  "dependencies": {
    "balanced-match": {
      "version": "1.0.0",
      "resolved": "https://registry.npmjs.org/balanced-match/-/balanced-match-1.0.0.tgz",
      "integrity": "sha1-ibTRmasr7kneFk6gK4nORi1xt2c="
    },
    "brace-expansion": {
      "version": "1.1.11",
      "resolved": "https://registry.npmjs.org/brace-expansion/-/brace-expansion-1.1.11.tgz",
      "integrity": "sha512-iCuPHDFgrHX7H2vEI/5xpz07zSHB00TpugqhmYtVmMO6518mCuRMoOYFldEBl0g187ufozdaHgWKcYFb61qGiA==",
      "requires": {
        "balanced-match": "1.0.0",
        "concat-map": "0.0.1"
      }
    },
    "clear": {
      "version": "0.0.1",
      "resolved": "https://registry.npmjs.org/clear/-/clear-0.0.1.tgz",
      "integrity": "sha1-5RhuIp2ZRIF5wTAxG2+dML/2sLo="
    },
    "concat-map": {
      "version": "0.0.1",
      "resolved": "https://registry.npmjs.org/concat-map/-/concat-map-0.0.1.tgz",
      "integrity": "sha1-2Klr13/Wjfd5OnMDajug1UBdR3s="
    },
    "fs.realpath": {
      "version": "1.0.0",
      "resolved": "https://registry.npmjs.org/fs.realpath/-/fs.realpath-1.0.0.tgz",
      "integrity": "sha1-FQStJSMVjKpA20onh8sBQRmU6k8="
    },
    "glob": {
      "version": "7.1.2",
      "resolved": "https://registry.npmjs.org/glob/-/glob-7.1.2.tgz",
      "integrity": "sha512-MJTUg1kjuLeQCJ+ccE4Vpa6kKVXkPYJ2mOCQyUuKLcLQsdrMCpBPUi8qVE6+YuaJkozeA9NusTAw3hLr8Xe5EQ==",
      "requires": {
        "fs.realpath": "1.0.0",
        "inflight": "1.0.6",
        "inherits": "2.0.3",
        "minimatch": "3.0.4",
        "once": "1.4.0",
        "path-is-absolute": "1.0.1"
      }
    },
    "inflight": {
      "version": "1.0.6",
      "resolved": "https://registry.npmjs.org/inflight/-/inflight-1.0.6.tgz",
      "integrity": "sha1-Sb1jMdfQLQwJvJEKEHW6gWW1bfk=",
      "requires": {
        "once": "1.4.0",
        "wrappy": "1.0.2"
      }
    },
    "inherits": {
      "version": "2.0.3",
      "resolved": "https://registry.npmjs.org/inherits/-/inherits-2.0.3.tgz",
      "integrity": "sha1-Yzwsg+PaQqUC9SRmAiSA9CCCYd4="
    },
    "interpret": {
      "version": "1.1.0",
      "resolved": "https://registry.npmjs.org/interpret/-/interpret-1.1.0.tgz",
      "integrity": "sha1-ftGxQQxqDg94z5XTuEQMY/eLhhQ="
    },
    "minimatch": {
      "version": "3.0.4",
      "resolved": "https://registry.npmjs.org/minimatch/-/minimatch-3.0.4.tgz",
      "integrity": "sha512-yJHVQEhyqPLUTgt9B83PXu6W3rx4MvvHvSUvToogpwoGDOUQ+yDrR0HRot+yOCdCO7u4hX3pWft6kWBBcqh0UA==",
      "requires": {
        "brace-expansion": "1.1.11"
      }
    },
    "minimist": {
      "version": "1.2.0",
      "resolved": "https://registry.npmjs.org/minimist/-/minimist-1.2.0.tgz",
      "integrity": "sha1-o1AIsg9BOD7sH7kU9M1d95omQoQ="
    },
    "nan": {
      "version": "2.10.0",
      "resolved": "https://registry.npmjs.org/nan/-/nan-2.10.0.tgz",
      "integrity": "sha512-bAdJv7fBLhWC+/Bls0Oza+mvTaNQtP+1RyhhhvD95pgUJz6XM5IzgmxOkItJ9tkoCiplvAnXI1tNmmUD/eScyA==",
      "optional": true
    },
    "once": {
      "version": "1.4.0",
      "resolved": "https://registry.npmjs.org/once/-/once-1.4.0.tgz",
      "integrity": "sha1-WDsap3WWHUsROsF9nFC6753Xa9E=",
      "requires": {
        "wrappy": "1.0.2"
      }
    },
    "opener": {
      "version": "1.4.3",
      "resolved": "https://registry.npmjs.org/opener/-/opener-1.4.3.tgz",
      "integrity": "sha1-XG2ixdflgx6P+jlklQ+NZnSskLg="
    },
    "os-homedir": {
      "version": "1.0.2",
      "resolved": "https://registry.npmjs.org/os-homedir/-/os-homedir-1.0.2.tgz",
      "integrity": "sha1-/7xJiDNuDoM94MFox+8VISGqf7M="
    },
    "path-is-absolute": {
      "version": "1.0.1",
      "resolved": "https://registry.npmjs.org/path-is-absolute/-/path-is-absolute-1.0.1.tgz",
      "integrity": "sha1-F0uSaHNVNP+8es5r9TpanhtcX18="
    },
    "path-parse": {
      "version": "1.0.5",
      "resolved": "https://registry.npmjs.org/path-parse/-/path-parse-1.0.5.tgz",
      "integrity": "sha1-PBrfhx6pzWyUMbbqK9dKD/BVxME="
    },
    "rechoir": {
      "version": "0.6.2",
      "resolved": "https://registry.npmjs.org/rechoir/-/rechoir-0.6.2.tgz",
      "integrity": "sha1-hSBLVNuoLVdC4oyWdW70OvUOM4Q=",
      "requires": {
        "resolve": "1.7.1"
      }
    },
    "repl.history": {
      "version": "0.1.4",
      "resolved": "https://registry.npmjs.org/repl.history/-/repl.history-0.1.4.tgz",
      "integrity": "sha1-gDZxcfN4HW5CmccXWMJTCX9dWDI="
    },
    "require-relative": {
      "version": "0.8.7",
      "resolved": "https://registry.npmjs.org/require-relative/-/require-relative-0.8.7.tgz",
      "integrity": "sha1-eZlTn8ngR6N5KPoZb44VY9q9Nt4="
    },
    "resolve": {
      "version": "1.7.1",
      "resolved": "https://registry.npmjs.org/resolve/-/resolve-1.7.1.tgz",
      "integrity": "sha512-c7rwLofp8g1U+h1KNyHL/jicrKg1Ek4q+Lr33AL65uZTinUZHe30D5HlyN5V9NW0JX1D5dXQ4jqW5l7Sy/kGfw==",
      "requires": {
        "path-parse": "1.0.5"
      }
    },
    "shelljs": {
      "version": "0.8.2",
      "resolved": "https://registry.npmjs.org/shelljs/-/shelljs-0.8.2.tgz",
      "integrity": "sha512-pRXeNrCA2Wd9itwhvLp5LZQvPJ0wU6bcjaTMywHHGX5XWhVN2nzSu7WV0q+oUY7mGK3mgSkDDzP3MgjqdyIgbQ==",
      "requires": {
        "glob": "7.1.2",
        "interpret": "1.1.0",
        "rechoir": "0.6.2"
      }
    },
    "shelljs-plugin-clear": {
      "version": "0.2.0",
      "resolved": "https://registry.npmjs.org/shelljs-plugin-clear/-/shelljs-plugin-clear-0.2.0.tgz",
      "integrity": "sha512-ZPf93HopKrz+tZrvuO8n0AgOPGSnftyVAOCwX6DRrmcntFyjRrDEKtDBNpgiD0M4rx0tPJTAjp3qCgrjUQxFfA==",
      "requires": {
        "clear": "0.0.1"
      }
    },
    "shelljs-plugin-inspect": {
      "version": "0.2.0",
      "resolved": "https://registry.npmjs.org/shelljs-plugin-inspect/-/shelljs-plugin-inspect-0.2.0.tgz",
      "integrity": "sha512-x6DxQ82y4TnXIyoxw7TCXAQD6G9QNGSNXUO62T6xCm/mQJ4d2JOXIjjRqAHadJmo1JlaSQX+Pt9oNh6M9aPxiQ=="
    },
    "shelljs-plugin-open": {
      "version": "0.2.0",
      "resolved": "https://registry.npmjs.org/shelljs-plugin-open/-/shelljs-plugin-open-0.2.0.tgz",
      "integrity": "sha512-8yVZPDDuWLyXhANfupAz5AWprNl0wMwBr9W63FfAkwpJeRlGcm3CQfpkBGKvCM0PG+RBHYlhaJL9kJceL3EwTw==",
      "requires": {
        "opener": "1.4.3"
      }
    },
    "shelljs-plugin-sleep": {
      "version": "0.2.0",
      "resolved": "https://registry.npmjs.org/shelljs-plugin-sleep/-/shelljs-plugin-sleep-0.2.0.tgz",
      "integrity": "sha512-/Vok3v42k1BWeZStnu0twSDveMWA2VwURxeGdajHZcb0RdTd39U2GYr/chN6LOVlMDP0ZGfGPqcRrIs01C23mA==",
      "requires": {
        "sleep": "3.0.1"
      }
    },
    "shelljs-release": {
      "version": "0.3.0",
      "resolved": "https://registry.npmjs.org/shelljs-release/-/shelljs-release-0.3.0.tgz",
      "integrity": "sha512-mTFv773NZF83TyOhmbOT+u7dlh5uqCawvGBuaM6ArHhDo4Y+XNPkZ5m1U9eUfoAJg6Cfiag21JbLO+d13guDXw==",
      "dev": true,
      "requires": {
        "minimist": "1.2.0",
        "shelljs": "0.7.8"
      },
      "dependencies": {
        "shelljs": {
          "version": "0.7.8",
          "resolved": "https://registry.npmjs.org/shelljs/-/shelljs-0.7.8.tgz",
          "integrity": "sha1-3svPh0sNHl+3LhSxZKloMEjprLM=",
          "dev": true,
          "requires": {
            "glob": "7.1.2",
            "interpret": "1.1.0",
            "rechoir": "0.6.2"
          }
        }
      }
    },
    "sleep": {
      "version": "3.0.1",
      "resolved": "https://registry.npmjs.org/sleep/-/sleep-3.0.1.tgz",
      "integrity": "sha1-vk0XxXk2DgfgTtgXK6KxCmkFTfM=",
      "optional": true,
      "requires": {
        "nan": "2.10.0"
      }
    },
    "wrappy": {
      "version": "1.0.2",
      "resolved": "https://registry.npmjs.org/wrappy/-/wrappy-1.0.2.tgz",
      "integrity": "sha1-tSQ9jz7BqjXxNkYFvA0QNuMKtp8="
    }
  }
}
